
Microsoft Visual Studio Solution File, Format Version 12.00
# Visual Studio 2012
Project("{FAE04EC0-301F-11D3-BF4B-00C04F79EFBC}") = "TimeKeeper-Desktop", "TimeKeeper-Desktop\TimeKeeper-Desktop.csproj", "{88A9AC2E-4F37-4908-A178-CDE85BF456D9}"
EndProject
Project("{FAE04EC0-301F-11D3-BF4B-00C04F79EFBC}") = "Models", "..\Shared\Models\Models.csproj", "{1C533B6B-8FEE-4695-940B-852351F3659F}"
EndProject
Project("{FAE04EC0-301F-11D3-BF4B-00C04F79EFBC}") = "ViewModels", "..\Shared\ViewModels\ViewModels.csproj", "{8A693856-9F87-4434-826E-AF10D991D9CE}"
EndProject
Global
	GlobalSection(SolutionConfigurationPlatforms) = preSolution
		Debug|Any CPU = Debug|Any CPU
		Release|Any CPU = Release|Any CPU
	EndGlobalSection
	GlobalSection(ProjectConfigurationPlatforms) = postSolution
		{88A9AC2E-4F37-4908-A178-CDE85BF456D9}.Debug|Any CPU.ActiveCfg = Debug|Any CPU
		{88A9AC2E-4F37-4908-A178-CDE85BF456D9}.Debug|Any CPU.Build.0 = Debug|Any CPU
		{88A9AC2E-4F37-4908-A178-CDE85BF456D9}.Release|Any CPU.ActiveCfg = Release|Any CPU
		{88A9AC2E-4F37-4908-A178-CDE85BF456D9}.Release|Any CPU.Build.0 = Release|Any CPU
		{1C533B6B-8FEE-4695-940B-852351F3659F}.Debug|Any CPU.ActiveCfg = Debug|Any CPU
		{1C533B6B-8FEE-4695-940B-852351F3659F}.Debug|Any CPU.Build.0 = Debug|Any CPU
		{1C533B6B-8FEE-4695-940B-852351F3659F}.Release|Any CPU.ActiveCfg = Release|Any CPU
		{1C533B6B-8FEE-4695-940B-852351F3659F}.Release|Any CPU.Build.0 = Release|Any CPU
		{8A693856-9F87-4434-826E-AF10D991D9CE}.Debug|Any CPU.ActiveCfg = Debug|Any CPU
		{8A693856-9F87-4434-826E-AF10D991D9CE}.Debug|Any CPU.Build.0 = Debug|Any CPU
		{8A693856-9F87-4434-826E-AF10D991D9CE}.Release|Any CPU.ActiveCfg = Release|Any CPU
		{8A693856-9F87-4434-826E-AF10D991D9CE}.Release|Any CPU.Build.0 = Release|Any CPU
	EndGlobalSection
	GlobalSection(SolutionProperties) = preSolution
		HideSolutionNode = FALSE
	EndGlobalSection
EndGlobal
